
Microsoft Visual Studio Solution File, Format Version 12.00
# Visual Studio Version 16
VisualStudioVersion = 16.0.31205.134
MinimumVisualStudioVersion = 10.0.40219.1
Project("{FAE04EC0-301F-11D3-BF4B-00C04F79EFBC}") = "WebPortfolio", "WebPortfolio.csproj", "{7FF5DB8B-4681-460A-83AA-EA2CE4565AE1}"
EndProject
Global
	GlobalSection(SolutionConfigurationPlatforms) = preSolution
		Debug|Any CPU = Debug|Any CPU
		Release|Any CPU = Release|Any CPU
	EndGlobalSection
	GlobalSection(ProjectConfigurationPlatforms) = postSolution
		{7FF5DB8B-4681-460A-83AA-EA2CE4565AE1}.Debug|Any CPU.ActiveCfg = Debug|Any CPU
		{7FF5DB8B-4681-460A-83AA-EA2CE4565AE1}.Debug|Any CPU.Build.0 = Debug|Any CPU
		{7FF5DB8B-4681-460A-83AA-EA2CE4565AE1}.Release|Any CPU.ActiveCfg = Release|Any CPU
		{7FF5DB8B-4681-460A-83AA-EA2CE4565AE1}.Release|Any CPU.Build.0 = Release|Any CPU
	EndGlobalSection
	GlobalSection(SolutionProperties) = preSolution
		HideSolutionNode = FALSE
	EndGlobalSection
	GlobalSection(ExtensibilityGlobals) = postSolution
		SolutionGuid = {31A84BEE-7905-4AA0-8121-CE239A997BFD}
	EndGlobalSection
EndGlobal
